// !$*UTF8*$!
{
	archiveVersion = 1;
	classes = {
	};
	objectVersion = 50;
	objects = {

/* Begin PBXBuildFile section */
		1DA2359E2525073D00452695 /* Friends_FaceApp.swift in Sources */ = {isa = PBXBuildFile; fileRef = 1DA2359D2525073D00452695 /* Friends_FaceApp.swift */; };
		1DA235A02525073D00452695 /* ContentView.swift in Sources */ = {isa = PBXBuildFile; fileRef = 1DA2359F2525073D00452695 /* ContentView.swift */; };
		1DA235A22525073E00452695 /* Assets.xcassets in Resources */ = {isa = PBXBuildFile; fileRef = 1DA235A12525073E00452695 /* Assets.xcassets */; };
		1DA235A52525073E00452695 /* Preview Assets.xcassets in Resources */ = {isa = PBXBuildFile; fileRef = 1DA235A42525073E00452695 /* Preview Assets.xcassets */; };
		1DA235AE2525078600452695 /* FriendsFace.json in Resources */ = {isa = PBXBuildFile; fileRef = 1DA235AD2525078600452695 /* FriendsFace.json */; };
		1DA235B2252507EF00452695 /* User.swift in Sources */ = {isa = PBXBuildFile; fileRef = 1DA235B1252507EF00452695 /* User.swift */; };
		1DA235B62525080500452695 /* Friend.swift in Sources */ = {isa = PBXBuildFile; fileRef = 1DA235B52525080500452695 /* Friend.swift */; };
		1DA235BB25250AD600452695 /* NetworkExtensions.swift in Sources */ = {isa = PBXBuildFile; fileRef = 1DA235BA25250AD600452695 /* NetworkExtensions.swift */; };
/* End PBXBuildFile section */

/* Begin PBXFileReference section */
		1DA2359A2525073D00452695 /* Friends Face.app */ = {isa = PBXFileReference; explicitFileType = wrapper.application; includeInIndex = 0; path = "Friends Face.app"; sourceTree = BUILT_PRODUCTS_DIR; };
		1DA2359D2525073D00452695 /* Friends_FaceApp.swift */ = {isa = PBXFileReference; lastKnownFileType = sourcecode.swift; path = Friends_FaceApp.swift; sourceTree = "<group>"; };
		1DA2359F2525073D00452695 /* ContentView.swift */ = {isa = PBXFileReference; lastKnownFileType = sourcecode.swift; path = ContentView.swift; sourceTree = "<group>"; };
		1DA235A12525073E00452695 /* Assets.xcassets */ = {isa = PBXFileReference; lastKnownFileType = folder.assetcatalog; path = Assets.xcassets; sourceTree = "<group>"; };
		1DA235A42525073E00452695 /* Preview Assets.xcassets */ = {isa = PBXFileReference; lastKnownFileType = folder.assetcatalog; path = "Preview Assets.xcassets"; sourceTree = "<group>"; };
		1DA235A62525073E00452695 /* Info.plist */ = {isa = PBXFileReference; lastKnownFileType = text.plist.xml; path = Info.plist; sourceTree = "<group>"; };
		1DA235AD2525078600452695 /* FriendsFace.json */ = {isa = PBXFileReference; lastKnownFileType = text.json; path = FriendsFace.json; sourceTree = "<group>"; };
		1DA235B1252507EF00452695 /* User.swift */ = {isa = PBXFileReference; lastKnownFileType = sourcecode.swift; path = User.swift; sourceTree = "<group>"; };
		1DA235B52525080500452695 /* Friend.swift */ = {isa = PBXFileReference; lastKnownFileType = sourcecode.swift; path = Friend.swift; sourceTree = "<group>"; };
		1DA235BA25250AD600452695 /* NetworkExtensions.swift */ = {isa = PBXFileReference; lastKnownFileType = sourcecode.swift; path = NetworkExtensions.swift; sourceTree = "<group>"; };
/* End PBXFileReference section */

/* Begin PBXFrameworksBuildPhase section */
		1DA235972525073D00452695 /* Frameworks */ = {
			isa = PBXFrameworksBuildPhase;
			buildActionMask = 2147483647;
			files = (
			);
			runOnlyForDeploymentPostprocessing = 0;
		};
/* End PBXFrameworksBuildPhase section */

/* Begin PBXGroup section */
		1DA235912525073D00452695 = {
			isa = PBXGroup;
			children = (
				1DA2359C2525073D00452695 /* Friends Face */,
				1DA2359B2525073D00452695 /* Products */,
			);
			sourceTree = "<group>";
		};
		1DA2359B2525073D00452695 /* Products */ = {
			isa = PBXGroup;
			children = (
				1DA2359A2525073D00452695 /* Friends Face.app */,
			);
			name = Products;
			sourceTree = "<group>";
		};
		1DA2359C2525073D00452695 /* Friends Face */ = {
			isa = PBXGroup;
			children = (
				1DA235B925250AAB00452695 /* Extensions */,
				1DA2359D2525073D00452695 /* Friends_FaceApp.swift */,
				1DA2359F2525073D00452695 /* ContentView.swift */,
				1DA235B0252507B800452695 /* Models */,
				1DA235A12525073E00452695 /* Assets.xcassets */,
				1DA235A62525073E00452695 /* Info.plist */,
				1DA235A32525073E00452695 /* Preview Content */,
				1DA235AD2525078600452695 /* FriendsFace.json */,
			);
			path = "Friends Face";
			sourceTree = "<group>";
		};
		1DA235A32525073E00452695 /* Preview Content */ = {
			isa = PBXGroup;
			children = (
				1DA235A42525073E00452695 /* Preview Assets.xcassets */,
			);
			path = "Preview Content";
			sourceTree = "<group>";
		};
		1DA235B0252507B800452695 /* Models */ = {
			isa = PBXGroup;
			children = (
				1DA235B1252507EF00452695 /* User.swift */,
				1DA235B52525080500452695 /* Friend.swift */,
			);
			path = Models;
			sourceTree = "<group>";
		};
		1DA235B925250AAB00452695 /* Extensions */ = {
			isa = PBXGroup;
			children = (
				1DA235BA25250AD600452695 /* NetworkExtensions.swift */,
			);
			path = Extensions;
			sourceTree = "<group>";
		};
/* End PBXGroup section */

/* Begin PBXNativeTarget section */
		1DA235992525073D00452695 /* Friends Face */ = {
			isa = PBXNativeTarget;
			buildConfigurationList = 1DA235A92525073E00452695 /* Build configuration list for PBXNativeTarget "Friends Face" */;
			buildPhases = (
				1DA235962525073D00452695 /* Sources */,
				1DA235972525073D00452695 /* Frameworks */,
				1DA235982525073D00452695 /* Resources */,
			);
			buildRules = (
			);
			dependencies = (
			);
			name = "Friends Face";
			productName = "Friends Face";
			productReference = 1DA2359A2525073D00452695 /* Friends Face.app */;
			productType = "com.apple.product-type.application";
		};
/* End PBXNativeTarget section */

/* Begin PBXProject section */
		1DA235922525073D00452695 /* Project object */ = {
			isa = PBXProject;
			attributes = {
				LastSwiftUpdateCheck = 1200;
				LastUpgradeCheck = 1200;
				TargetAttributes = {
					1DA235992525073D00452695 = {
						CreatedOnToolsVersion = 12.0;
					};
				};
			};
			buildConfigurationList = 1DA235952525073D00452695 /* Build configuration list for PBXProject "Friends Face" */;
			compatibilityVersion = "Xcode 9.3";
			developmentRegion = en;
			hasScannedForEncodings = 0;
			knownRegions = (
				en,
				Base,
			);
			mainGroup = 1DA235912525073D00452695;
			productRefGroup = 1DA2359B2525073D00452695 /* Products */;
			projectDirPath = "";
			projectRoot = "";
			targets = (
				1DA235992525073D00452695 /* Friends Face */,
			);
		};
/* End PBXProject section */

/* Begin PBXResourcesBuildPhase section */
		1DA235982525073D00452695 /* Resources */ = {
			isa = PBXResourcesBuildPhase;
			buildActionMask = 2147483647;
			files = (
				1DA235A52525073E00452695 /* Preview Assets.xcassets in Resources */,
				1DA235A22525073E00452695 /* Assets.xcassets in Resources */,
				1DA235AE2525078600452695 /* FriendsFace.json in Resources */,
			);
			runOnlyForDeploymentPostprocessing = 0;
		};
/* End PBXResourcesBuildPhase section */

/* Begin PBXSourcesBuildPhase section */
		1DA235962525073D00452695 /* Sources */ = {
			isa = PBXSourcesBuildPhase;
			buildActionMask = 2147483647;
			files = (
				1DA235A02525073D00452695 /* ContentView.swift in Sources */,
				1DA2359E2525073D00452695 /* Friends_FaceApp.swift in Sources */,
				1DA235BB25250AD600452695 /* NetworkExtensions.swift in Sources */,
				1DA235B2252507EF00452695 /* User.swift in Sources */,
				1DA235B62525080500452695 /* Friend.swift in Sources */,
			);
			runOnlyForDeploymentPostprocessing = 0;
		};
/* End PBXSourcesBuildPhase section */

/* Begin XCBuildConfiguration section */
		1DA235A72525073E00452695 /* Debug */ = {
			isa = XCBuildConfiguration;
			buildSettings = {
				ALWAYS_SEARCH_USER_PATHS = NO;
				CLANG_ANALYZER_NONNULL = YES;
				CLANG_ANALYZER_NUMBER_OBJECT_CONVERSION = YES_AGGRESSIVE;
				CLANG_CXX_LANGUAGE_STANDARD = "gnu++14";
				CLANG_CXX_LIBRARY = "libc++";
				CLANG_ENABLE_MODULES = YES;
				CLANG_ENABLE_OBJC_ARC = YES;
				CLANG_ENABLE_OBJC_WEAK = YES;
				CLANG_WARN_BLOCK_CAPTURE_AUTORELEASING = YES;
				CLANG_WARN_BOOL_CONVERSION = YES;
				CLANG_WARN_COMMA = YES;
				CLANG_WARN_CONSTANT_CONVERSION = YES;
				CLANG_WARN_DEPRECATED_OBJC_IMPLEMENTATIONS = YES;
				CLANG_WARN_DIRECT_OBJC_ISA_USAGE = YES_ERROR;
				CLANG_WARN_DOCUMENTATION_COMMENTS = YES;
				CLANG_WARN_EMPTY_BODY = YES;
				CLANG_WARN_ENUM_CONVERSION = YES;
				CLANG_WARN_INFINITE_RECURSION = YES;
				CLANG_WARN_INT_CONVERSION = YES;
				CLANG_WARN_NON_LITERAL_NULL_CONVERSION = YES;
				CLANG_WARN_OBJC_IMPLICIT_RETAIN_SELF = YES;
				CLANG_WARN_OBJC_LITERAL_CONVERSION = YES;
				CLANG_WARN_OBJC_ROOT_CLASS = YES_ERROR;
				CLANG_WARN_QUOTED_INCLUDE_IN_FRAMEWORK_HEADER = YES;
				CLANG_WARN_RANGE_LOOP_ANALYSIS = YES;
				CLANG_WARN_STRICT_PROTOTYPES = YES;
				CLANG_WARN_SUSPICIOUS_MOVE = YES;
				CLANG_WARN_UNGUARDED_AVAILABILITY = YES_AGGRESSIVE;
				CLANG_WARN_UNREACHABLE_CODE = YES;
				CLANG_WARN__DUPLICATE_METHOD_MATCH = YES;
				COPY_PHASE_STRIP = NO;
				DEBUG_INFORMATION_FORMAT = dwarf;
				ENABLE_STRICT_OBJC_MSGSEND = YES;
				ENABLE_TESTABILITY = YES;
				GCC_C_LANGUAGE_STANDARD = gnu11;
				GCC_DYNAMIC_NO_PIC = NO;
				GCC_NO_COMMON_BLOCKS = YES;
				GCC_OPTIMIZATION_LEVEL = 0;
				GCC_PREPROCESSOR_DEFINITIONS = (
					"DEBUG=1",
					"$(inherited)",
				);
				GCC_WARN_64_TO_32_BIT_CONVERSION = YES;
				GCC_WARN_ABOUT_RETURN_TYPE = YES_ERROR;
				GCC_WARN_UNDECLARED_SELECTOR = YES;
				GCC_WARN_UNINITIALIZED_AUTOS = YES_AGGRESSIVE;
				GCC_WARN_UNUSED_FUNCTION = YES;
				GCC_WARN_UNUSED_VARIABLE = YES;
				IPHONEOS_DEPLOYMENT_TARGET = 14.0;
				MTL_ENABLE_DEBUG_INFO = INCLUDE_SOURCE;
				MTL_FAST_MATH = YES;
				ONLY_ACTIVE_ARCH = YES;
				SDKROOT = iphoneos;
				SWIFT_ACTIVE_COMPILATION_CONDITIONS = DEBUG;
				SWIFT_OPTIMIZATION_LEVEL = "-Onone";
			};
			name = Debug;
		};
		1DA235A82525073E00452695 /* Release */ = {
			isa = XCBuildConfiguration;
			buildSettings = {
				ALWAYS_SEARCH_USER_PATHS = NO;
				CLANG_ANALYZER_NONNULL = YES;
				CLANG_ANALYZER_NUMBER_OBJECT_CONVERSION = YES_AGGRESSIVE;
				CLANG_CXX_LANGUAGE_STANDARD = "gnu++14";
				CLANG_CXX_LIBRARY = "libc++";
				CLANG_ENABLE_MODULES = YES;
				CLANG_ENABLE_OBJC_ARC = YES;
				CLANG_ENABLE_OBJC_WEAK = YES;
				CLANG_WARN_BLOCK_CAPTURE_AUTORELEASING = YES;
				CLANG_WARN_BOOL_CONVERSION = YES;
				CLANG_WARN_COMMA = YES;
				CLANG_WARN_CONSTANT_CONVERSION = YES;
				CLANG_WARN_DEPRECATED_OBJC_IMPLEMENTATIONS = YES;
				CLANG_WARN_DIRECT_OBJC_ISA_USAGE = YES_ERROR;
				CLANG_WARN_DOCUMENTATION_COMMENTS = YES;
				CLANG_WARN_EMPTY_BODY = YES;
				CLANG_WARN_ENUM_CONVERSION = YES;
				CLANG_WARN_INFINITE_RECURSION = YES;
				CLANG_WARN_INT_CONVERSION = YES;
				CLANG_WARN_NON_LITERAL_NULL_CONVERSION = YES;
				CLANG_WARN_OBJC_IMPLICIT_RETAIN_SELF = YES;
				CLANG_WARN_OBJC_LITERAL_CONVERSION = YES;
				CLANG_WARN_OBJC_ROOT_CLASS = YES_ERROR;
				CLANG_WARN_QUOTED_INCLUDE_IN_FRAMEWORK_HEADER = YES;
				CLANG_WARN_RANGE_LOOP_ANALYSIS = YES;
				CLANG_WARN_STRICT_PROTOTYPES = YES;
				CLANG_WARN_SUSPICIOUS_MOVE = YES;
				CLANG_WARN_UNGUARDED_AVAILABILITY = YES_AGGRESSIVE;
				CLANG_WARN_UNREACHABLE_CODE = YES;
				CLANG_WARN__DUPLICATE_METHOD_MATCH = YES;
				COPY_PHASE_STRIP = NO;
				DEBUG_INFORMATION_FORMAT = "dwarf-with-dsym";
				ENABLE_NS_ASSERTIONS = NO;
				ENABLE_STRICT_OBJC_MSGSEND = YES;
				GCC_C_LANGUAGE_STANDARD = gnu11;
				GCC_NO_COMMON_BLOCKS = YES;
				GCC_WARN_64_TO_32_BIT_CONVERSION = YES;
				GCC_WARN_ABOUT_RETURN_TYPE = YES_ERROR;
				GCC_WARN_UNDECLARED_SELECTOR = YES;
				GCC_WARN_UNINITIALIZED_AUTOS = YES_AGGRESSIVE;
				GCC_WARN_UNUSED_FUNCTION = YES;
				GCC_WARN_UNUSED_VARIABLE = YES;
				IPHONEOS_DEPLOYMENT_TARGET = 14.0;
				MTL_ENABLE_DEBUG_INFO = NO;
				MTL_FAST_MATH = YES;
				SDKROOT = iphoneos;
				SWIFT_COMPILATION_MODE = wholemodule;
				SWIFT_OPTIMIZATION_LEVEL = "-O";
				VALIDATE_PRODUCT = YES;
			};
			name = Release;
		};
		1DA235AA2525073E00452695 /* Debug */ = {
			isa = XCBuildConfiguration;
			buildSettings = {
				ASSETCATALOG_COMPILER_APPICON_NAME = AppIcon;
				ASSETCATALOG_COMPILER_GLOBAL_ACCENT_COLOR_NAME = AccentColor;
				CODE_SIGN_STYLE = Automatic;
				DEVELOPMENT_ASSET_PATHS = "\"Friends Face/Preview Content\"";
				DEVELOPMENT_TEAM = XU9WC44F8F;
				ENABLE_PREVIEWS = YES;
				INFOPLIST_FILE = "Friends Face/Info.plist";
				IPHONEOS_DEPLOYMENT_TARGET = 14.0;
				LD_RUNPATH_SEARCH_PATHS = (
					"$(inherited)",
					"@executable_path/Frameworks",
				);
				PRODUCT_BUNDLE_IDENTIFIER = "com.irangareddy.Friends-Face";
				PRODUCT_NAME = "$(TARGET_NAME)";
				SWIFT_VERSION = 5.0;
				TARGETED_DEVICE_FAMILY = "1,2";
			};
			name = Debug;
		};
		1DA235AB2525073E00452695 /* Release */ = {
			isa = XCBuildConfiguration;
			buildSettings = {
				ASSETCATALOG_COMPILER_APPICON_NAME = AppIcon;
				ASSETCATALOG_COMPILER_GLOBAL_ACCENT_COLOR_NAME = AccentColor;
				CODE_SIGN_STYLE = Automatic;
				DEVELOPMENT_ASSET_PATHS = "\"Friends Face/Preview Content\"";
				DEVELOPMENT_TEAM = XU9WC44F8F;
				ENABLE_PREVIEWS = YES;
				INFOPLIST_FILE = "Friends Face/Info.plist";
				IPHONEOS_DEPLOYMENT_TARGET = 14.0;
				LD_RUNPATH_SEARCH_PATHS = (
					"$(inherited)",
					"@executable_path/Frameworks",
				);
				PRODUCT_BUNDLE_IDENTIFIER = "com.irangareddy.Friends-Face";
				PRODUCT_NAME = "$(TARGET_NAME)";
				SWIFT_VERSION = 5.0;
				TARGETED_DEVICE_FAMILY = "1,2";
			};
			name = Release;
		};
/* End XCBuildConfiguration section */

/* Begin XCConfigurationList section */
		1DA235952525073D00452695 /* Build configuration list for PBXProject "Friends Face" */ = {
			isa = XCConfigurationList;
			buildConfigurations = (
				1DA235A72525073E00452695 /* Debug */,
				1DA235A82525073E00452695 /* Release */,
			);
			defaultConfigurationIsVisible = 0;
			defaultConfigurationName = Release;
		};
		1DA235A92525073E00452695 /* Build configuration list for PBXNativeTarget "Friends Face" */ = {
			isa = XCConfigurationList;
			buildConfigurations = (
				1DA235AA2525073E00452695 /* Debug */,
				1DA235AB2525073E00452695 /* Release */,
			);
			defaultConfigurationIsVisible = 0;
			defaultConfigurationName = Release;
		};
/* End XCConfigurationList section */
	};
	rootObject = 1DA235922525073D00452695 /* Project object */;
}
